// !$*UTF8*$!
{
	archiveVersion = 1;
	classes = {
	};
	objectVersion = 50;
	objects = {

/* Begin PBXBuildFile section */
		77601AD522AC11F4002A6168 /* data in Resources */ = {isa = PBXBuildFile; fileRef = 77601AD422AC11F4002A6168 /* data */; };
		77601AD822AC1E7A002A6168 /* Airport.swift in Sources */ = {isa = PBXBuildFile; fileRef = 77601AD722AC1E7A002A6168 /* Airport.swift */; };
		77601ADB22AC1FE1002A6168 /* CSVReader.swift in Sources */ = {isa = PBXBuildFile; fileRef = 77601ADA22AC1FE1002A6168 /* CSVReader.swift */; };
		77601ADE22AC2184002A6168 /* CSVReaderTests.swift in Sources */ = {isa = PBXBuildFile; fileRef = 77601ADD22AC2184002A6168 /* CSVReaderTests.swift */; };
		77601AE022AC22F9002A6168 /* data in Resources */ = {isa = PBXBuildFile; fileRef = 77601AD422AC11F4002A6168 /* data */; };
		77601AE222AC2544002A6168 /* TestData.swift in Sources */ = {isa = PBXBuildFile; fileRef = 77601AE122AC2544002A6168 /* TestData.swift */; };
		77601AE422AC2700002A6168 /* AirportService.swift in Sources */ = {isa = PBXBuildFile; fileRef = 77601AE322AC2700002A6168 /* AirportService.swift */; };
		77601AE622AC2726002A6168 /* Airports.swift in Sources */ = {isa = PBXBuildFile; fileRef = 77601AE522AC2726002A6168 /* Airports.swift */; };
		77601AE822AC29C0002A6168 /* AirportServiceTests.swift in Sources */ = {isa = PBXBuildFile; fileRef = 77601AE722AC29C0002A6168 /* AirportServiceTests.swift */; };
		7765841F22AC35D400E8D9F8 /* FakeCSVReader.swift in Sources */ = {isa = PBXBuildFile; fileRef = 7765841E22AC35D400E8D9F8 /* FakeCSVReader.swift */; };
		7765842522AC365400E8D9F8 /* Airline.swift in Sources */ = {isa = PBXBuildFile; fileRef = 7765842422AC365400E8D9F8 /* Airline.swift */; };
		7765842722AC368800E8D9F8 /* AirlineService.swift in Sources */ = {isa = PBXBuildFile; fileRef = 7765842622AC368800E8D9F8 /* AirlineService.swift */; };
		7765842922AC376000E8D9F8 /* Airlines.swift in Sources */ = {isa = PBXBuildFile; fileRef = 7765842822AC376000E8D9F8 /* Airlines.swift */; };
		7765842B22AC380B00E8D9F8 /* AirlineServiceTests.swift in Sources */ = {isa = PBXBuildFile; fileRef = 7765842A22AC380B00E8D9F8 /* AirlineServiceTests.swift */; };
		7765842E22AC391C00E8D9F8 /* RouteService.swift in Sources */ = {isa = PBXBuildFile; fileRef = 7765842D22AC391C00E8D9F8 /* RouteService.swift */; };
		7765843022AC393D00E8D9F8 /* Route.swift in Sources */ = {isa = PBXBuildFile; fileRef = 7765842F22AC393D00E8D9F8 /* Route.swift */; };
		7765843322AC39B500E8D9F8 /* Routes.swift in Sources */ = {isa = PBXBuildFile; fileRef = 7765843222AC39B500E8D9F8 /* Routes.swift */; };
		7765843522AC3C8600E8D9F8 /* RouteServiceTests.swift in Sources */ = {isa = PBXBuildFile; fileRef = 7765843422AC3C8600E8D9F8 /* RouteServiceTests.swift */; };
		7765843822AC3DE400E8D9F8 /* RouteManager.swift in Sources */ = {isa = PBXBuildFile; fileRef = 7765843722AC3DE400E8D9F8 /* RouteManager.swift */; };
		7765843A22AC4AC200E8D9F8 /* RouteManagerTests.swift in Sources */ = {isa = PBXBuildFile; fileRef = 7765843922AC4AC100E8D9F8 /* RouteManagerTests.swift */; };
		7765843C22AC5AB400E8D9F8 /* UserStrings.swift in Sources */ = {isa = PBXBuildFile; fileRef = 7765843B22AC5AB300E8D9F8 /* UserStrings.swift */; };
		7765843E22AC66C300E8D9F8 /* String+CSVQuotes.swift in Sources */ = {isa = PBXBuildFile; fileRef = 7765843D22AC66C300E8D9F8 /* String+CSVQuotes.swift */; };
		7765844022AC66E800E8D9F8 /* String+CSVQuotesTests.swift in Sources */ = {isa = PBXBuildFile; fileRef = 7765843F22AC66E800E8D9F8 /* String+CSVQuotesTests.swift */; };
		778EC9EC22AC1120001DD658 /* AppDelegate.swift in Sources */ = {isa = PBXBuildFile; fileRef = 778EC9EB22AC1120001DD658 /* AppDelegate.swift */; };
		778EC9F122AC1120001DD658 /* Home.storyboard in Resources */ = {isa = PBXBuildFile; fileRef = 778EC9EF22AC1120001DD658 /* Home.storyboard */; };
		778EC9F322AC1124001DD658 /* Assets.xcassets in Resources */ = {isa = PBXBuildFile; fileRef = 778EC9F222AC1124001DD658 /* Assets.xcassets */; };
		778EC9F622AC1124001DD658 /* LaunchScreen.storyboard in Resources */ = {isa = PBXBuildFile; fileRef = 778EC9F422AC1124001DD658 /* LaunchScreen.storyboard */; };
		778ECA0122AC1124001DD658 /* Airport_RoutesTests.swift in Sources */ = {isa = PBXBuildFile; fileRef = 778ECA0022AC1124001DD658 /* Airport_RoutesTests.swift */; };
		778ECA0C22AC1124001DD658 /* Airport_RoutesUITests.swift in Sources */ = {isa = PBXBuildFile; fileRef = 778ECA0B22AC1124001DD658 /* Airport_RoutesUITests.swift */; };
		77D568D722AC96A3008B3A64 /* MapKit.framework in Frameworks */ = {isa = PBXBuildFile; fileRef = 77D568D622AC96A3008B3A64 /* MapKit.framework */; };
		77D568DC22AD1411008B3A64 /* HomeMapViewController.swift in Sources */ = {isa = PBXBuildFile; fileRef = 77D568DB22AD1411008B3A64 /* HomeMapViewController.swift */; };
		77D568DE22AD148B008B3A64 /* HomeMapViewModel.swift in Sources */ = {isa = PBXBuildFile; fileRef = 77D568DD22AD148B008B3A64 /* HomeMapViewModel.swift */; };
		77D568E022AD14C7008B3A64 /* AppCoordinator.swift in Sources */ = {isa = PBXBuildFile; fileRef = 77D568DF22AD14C7008B3A64 /* AppCoordinator.swift */; };
		77D568E322AD171F008B3A64 /* TypeAlias.swift in Sources */ = {isa = PBXBuildFile; fileRef = 77D568E222AD171F008B3A64 /* TypeAlias.swift */; };
/* End PBXBuildFile section */

/* Begin PBXContainerItemProxy section */
		778EC9FD22AC1124001DD658 /* PBXContainerItemProxy */ = {
			isa = PBXContainerItemProxy;
			containerPortal = 778EC9E022AC1120001DD658 /* Project object */;
			proxyType = 1;
			remoteGlobalIDString = 778EC9E722AC1120001DD658;
			remoteInfo = "Airport Routes";
		};
		778ECA0822AC1124001DD658 /* PBXContainerItemProxy */ = {
			isa = PBXContainerItemProxy;
			containerPortal = 778EC9E022AC1120001DD658 /* Project object */;
			proxyType = 1;
			remoteGlobalIDString = 778EC9E722AC1120001DD658;
			remoteInfo = "Airport Routes";
		};
/* End PBXContainerItemProxy section */

/* Begin PBXFileReference section */
		77601AD422AC11F4002A6168 /* data */ = {isa = PBXFileReference; lastKnownFileType = folder; name = data; path = ../data; sourceTree = "<group>"; };
		77601AD722AC1E7A002A6168 /* Airport.swift */ = {isa = PBXFileReference; lastKnownFileType = sourcecode.swift; path = Airport.swift; sourceTree = "<group>"; };
		77601ADA22AC1FE1002A6168 /* CSVReader.swift */ = {isa = PBXFileReference; lastKnownFileType = sourcecode.swift; path = CSVReader.swift; sourceTree = "<group>"; };
		77601ADD22AC2184002A6168 /* CSVReaderTests.swift */ = {isa = PBXFileReference; lastKnownFileType = sourcecode.swift; path = CSVReaderTests.swift; sourceTree = "<group>"; };
		77601AE122AC2544002A6168 /* TestData.swift */ = {isa = PBXFileReference; lastKnownFileType = sourcecode.swift; path = TestData.swift; sourceTree = "<group>"; };
		77601AE322AC2700002A6168 /* AirportService.swift */ = {isa = PBXFileReference; lastKnownFileType = sourcecode.swift; path = AirportService.swift; sourceTree = "<group>"; };
		77601AE522AC2726002A6168 /* Airports.swift */ = {isa = PBXFileReference; lastKnownFileType = sourcecode.swift; path = Airports.swift; sourceTree = "<group>"; };
		77601AE722AC29C0002A6168 /* AirportServiceTests.swift */ = {isa = PBXFileReference; lastKnownFileType = sourcecode.swift; path = AirportServiceTests.swift; sourceTree = "<group>"; };
		7765841E22AC35D400E8D9F8 /* FakeCSVReader.swift */ = {isa = PBXFileReference; lastKnownFileType = sourcecode.swift; path = FakeCSVReader.swift; sourceTree = "<group>"; };
		7765842422AC365400E8D9F8 /* Airline.swift */ = {isa = PBXFileReference; lastKnownFileType = sourcecode.swift; path = Airline.swift; sourceTree = "<group>"; };
		7765842622AC368800E8D9F8 /* AirlineService.swift */ = {isa = PBXFileReference; lastKnownFileType = sourcecode.swift; path = AirlineService.swift; sourceTree = "<group>"; };
		7765842822AC376000E8D9F8 /* Airlines.swift */ = {isa = PBXFileReference; lastKnownFileType = sourcecode.swift; path = Airlines.swift; sourceTree = "<group>"; };
		7765842A22AC380B00E8D9F8 /* AirlineServiceTests.swift */ = {isa = PBXFileReference; lastKnownFileType = sourcecode.swift; path = AirlineServiceTests.swift; sourceTree = "<group>"; };
		7765842D22AC391C00E8D9F8 /* RouteService.swift */ = {isa = PBXFileReference; lastKnownFileType = sourcecode.swift; path = RouteService.swift; sourceTree = "<group>"; };
		7765842F22AC393D00E8D9F8 /* Route.swift */ = {isa = PBXFileReference; lastKnownFileType = sourcecode.swift; path = Route.swift; sourceTree = "<group>"; };
		7765843222AC39B500E8D9F8 /* Routes.swift */ = {isa = PBXFileReference; lastKnownFileType = sourcecode.swift; path = Routes.swift; sourceTree = "<group>"; };
		7765843422AC3C8600E8D9F8 /* RouteServiceTests.swift */ = {isa = PBXFileReference; lastKnownFileType = sourcecode.swift; path = RouteServiceTests.swift; sourceTree = "<group>"; };
		7765843722AC3DE400E8D9F8 /* RouteManager.swift */ = {isa = PBXFileReference; lastKnownFileType = sourcecode.swift; path = RouteManager.swift; sourceTree = "<group>"; };
		7765843922AC4AC100E8D9F8 /* RouteManagerTests.swift */ = {isa = PBXFileReference; lastKnownFileType = sourcecode.swift; path = RouteManagerTests.swift; sourceTree = "<group>"; };
		7765843B22AC5AB300E8D9F8 /* UserStrings.swift */ = {isa = PBXFileReference; lastKnownFileType = sourcecode.swift; path = UserStrings.swift; sourceTree = "<group>"; };
		7765843D22AC66C300E8D9F8 /* String+CSVQuotes.swift */ = {isa = PBXFileReference; lastKnownFileType = sourcecode.swift; path = "String+CSVQuotes.swift"; sourceTree = "<group>"; };
		7765843F22AC66E800E8D9F8 /* String+CSVQuotesTests.swift */ = {isa = PBXFileReference; lastKnownFileType = sourcecode.swift; path = "String+CSVQuotesTests.swift"; sourceTree = "<group>"; };
		778EC9E822AC1120001DD658 /* Airport Routes.app */ = {isa = PBXFileReference; explicitFileType = wrapper.application; includeInIndex = 0; path = "Airport Routes.app"; sourceTree = BUILT_PRODUCTS_DIR; };
		778EC9EB22AC1120001DD658 /* AppDelegate.swift */ = {isa = PBXFileReference; lastKnownFileType = sourcecode.swift; path = AppDelegate.swift; sourceTree = "<group>"; };
		778EC9F022AC1120001DD658 /* Base */ = {isa = PBXFileReference; lastKnownFileType = file.storyboard; name = Base; path = Base.lproj/Home.storyboard; sourceTree = "<group>"; };
		778EC9F222AC1124001DD658 /* Assets.xcassets */ = {isa = PBXFileReference; lastKnownFileType = folder.assetcatalog; path = Assets.xcassets; sourceTree = "<group>"; };
		778EC9F522AC1124001DD658 /* Base */ = {isa = PBXFileReference; lastKnownFileType = file.storyboard; name = Base; path = Base.lproj/LaunchScreen.storyboard; sourceTree = "<group>"; };
		778EC9F722AC1124001DD658 /* Info.plist */ = {isa = PBXFileReference; lastKnownFileType = text.plist.xml; path = Info.plist; sourceTree = "<group>"; };
		778EC9FC22AC1124001DD658 /* Airport RoutesTests.xctest */ = {isa = PBXFileReference; explicitFileType = wrapper.cfbundle; includeInIndex = 0; path = "Airport RoutesTests.xctest"; sourceTree = BUILT_PRODUCTS_DIR; };
		778ECA0022AC1124001DD658 /* Airport_RoutesTests.swift */ = {isa = PBXFileReference; lastKnownFileType = sourcecode.swift; path = Airport_RoutesTests.swift; sourceTree = "<group>"; };
		778ECA0222AC1124001DD658 /* Info.plist */ = {isa = PBXFileReference; lastKnownFileType = text.plist.xml; path = Info.plist; sourceTree = "<group>"; };
		778ECA0722AC1124001DD658 /* Airport RoutesUITests.xctest */ = {isa = PBXFileReference; explicitFileType = wrapper.cfbundle; includeInIndex = 0; path = "Airport RoutesUITests.xctest"; sourceTree = BUILT_PRODUCTS_DIR; };
		778ECA0B22AC1124001DD658 /* Airport_RoutesUITests.swift */ = {isa = PBXFileReference; lastKnownFileType = sourcecode.swift; path = Airport_RoutesUITests.swift; sourceTree = "<group>"; };
		778ECA0D22AC1124001DD658 /* Info.plist */ = {isa = PBXFileReference; lastKnownFileType = text.plist.xml; path = Info.plist; sourceTree = "<group>"; };
		77D568D622AC96A3008B3A64 /* MapKit.framework */ = {isa = PBXFileReference; lastKnownFileType = wrapper.framework; name = MapKit.framework; path = System/Library/Frameworks/MapKit.framework; sourceTree = SDKROOT; };
		77D568DB22AD1411008B3A64 /* HomeMapViewController.swift */ = {isa = PBXFileReference; lastKnownFileType = sourcecode.swift; path = HomeMapViewController.swift; sourceTree = "<group>"; };
		77D568DD22AD148B008B3A64 /* HomeMapViewModel.swift */ = {isa = PBXFileReference; lastKnownFileType = sourcecode.swift; path = HomeMapViewModel.swift; sourceTree = "<group>"; };
		77D568DF22AD14C7008B3A64 /* AppCoordinator.swift */ = {isa = PBXFileReference; lastKnownFileType = sourcecode.swift; path = AppCoordinator.swift; sourceTree = "<group>"; };
		77D568E222AD171F008B3A64 /* TypeAlias.swift */ = {isa = PBXFileReference; lastKnownFileType = sourcecode.swift; path = TypeAlias.swift; sourceTree = "<group>"; };
/* End PBXFileReference section */

/* Begin PBXFrameworksBuildPhase section */
		778EC9E522AC1120001DD658 /* Frameworks */ = {
			isa = PBXFrameworksBuildPhase;
			buildActionMask = 2147483647;
			files = (
				77D568D722AC96A3008B3A64 /* MapKit.framework in Frameworks */,
			);
			runOnlyForDeploymentPostprocessing = 0;
		};
		778EC9F922AC1124001DD658 /* Frameworks */ = {
			isa = PBXFrameworksBuildPhase;
			buildActionMask = 2147483647;
			files = (
			);
			runOnlyForDeploymentPostprocessing = 0;
		};
		778ECA0422AC1124001DD658 /* Frameworks */ = {
			isa = PBXFrameworksBuildPhase;
			buildActionMask = 2147483647;
			files = (
			);
			runOnlyForDeploymentPostprocessing = 0;
		};
/* End PBXFrameworksBuildPhase section */

/* Begin PBXGroup section */
		77601AD622AC1E5D002A6168 /* Model */ = {
			isa = PBXGroup;
			children = (
				7765842322AC363D00E8D9F8 /* Airlines */,
				7765842222AC363400E8D9F8 /* Airports */,
				7765843122AC395100E8D9F8 /* Routes */,
			);
			path = Model;
			sourceTree = "<group>";
		};
		77601AD922AC1FBD002A6168 /* Service */ = {
			isa = PBXGroup;
			children = (
				7765842C22AC390200E8D9F8 /* Route */,
				7765842122AC361300E8D9F8 /* Airline */,
				7765842022AC360900E8D9F8 /* Airport */,
			);
			path = Service;
			sourceTree = "<group>";
		};
		77601ADC22AC1FF8002A6168 /* Utilities */ = {
			isa = PBXGroup;
			children = (
				77601ADA22AC1FE1002A6168 /* CSVReader.swift */,
				77D568E222AD171F008B3A64 /* TypeAlias.swift */,
				77601ADD22AC2184002A6168 /* CSVReaderTests.swift */,
				7765843D22AC66C300E8D9F8 /* String+CSVQuotes.swift */,
				7765843F22AC66E800E8D9F8 /* String+CSVQuotesTests.swift */,
				7765841E22AC35D400E8D9F8 /* FakeCSVReader.swift */,
			);
			path = Utilities;
			sourceTree = "<group>";
		};
		7765842022AC360900E8D9F8 /* Airport */ = {
			isa = PBXGroup;
			children = (
				77601AE322AC2700002A6168 /* AirportService.swift */,
				77601AE722AC29C0002A6168 /* AirportServiceTests.swift */,
			);
			path = Airport;
			sourceTree = "<group>";
		};
		7765842122AC361300E8D9F8 /* Airline */ = {
			isa = PBXGroup;
			children = (
				7765842622AC368800E8D9F8 /* AirlineService.swift */,
				7765842A22AC380B00E8D9F8 /* AirlineServiceTests.swift */,
			);
			path = Airline;
			sourceTree = "<group>";
		};
		7765842222AC363400E8D9F8 /* Airports */ = {
			isa = PBXGroup;
			children = (
				77601AD722AC1E7A002A6168 /* Airport.swift */,
				77601AE522AC2726002A6168 /* Airports.swift */,
			);
			path = Airports;
			sourceTree = "<group>";
		};
		7765842322AC363D00E8D9F8 /* Airlines */ = {
			isa = PBXGroup;
			children = (
				7765842422AC365400E8D9F8 /* Airline.swift */,
				7765842822AC376000E8D9F8 /* Airlines.swift */,
			);
			path = Airlines;
			sourceTree = "<group>";
		};
		7765842C22AC390200E8D9F8 /* Route */ = {
			isa = PBXGroup;
			children = (
				7765842D22AC391C00E8D9F8 /* RouteService.swift */,
				7765843422AC3C8600E8D9F8 /* RouteServiceTests.swift */,
			);
			path = Route;
			sourceTree = "<group>";
		};
		7765843122AC395100E8D9F8 /* Routes */ = {
			isa = PBXGroup;
			children = (
				7765842F22AC393D00E8D9F8 /* Route.swift */,
				7765843222AC39B500E8D9F8 /* Routes.swift */,
			);
			path = Routes;
			sourceTree = "<group>";
		};
		7765843622AC3DD200E8D9F8 /* Manager */ = {
			isa = PBXGroup;
			children = (
				7765843722AC3DE400E8D9F8 /* RouteManager.swift */,
				7765843922AC4AC100E8D9F8 /* RouteManagerTests.swift */,
			);
			path = Manager;
			sourceTree = "<group>";
		};
		778EC9DF22AC1120001DD658 = {
			isa = PBXGroup;
			children = (
				77601AD422AC11F4002A6168 /* data */,
				778EC9EA22AC1120001DD658 /* Airport Routes */,
				778EC9FF22AC1124001DD658 /* Airport RoutesTests */,
				778ECA0A22AC1124001DD658 /* Airport RoutesUITests */,
				778EC9E922AC1120001DD658 /* Products */,
				77D568D522AC96A3008B3A64 /* Frameworks */,
			);
			sourceTree = "<group>";
		};
		778EC9E922AC1120001DD658 /* Products */ = {
			isa = PBXGroup;
			children = (
				778EC9E822AC1120001DD658 /* Airport Routes.app */,
				778EC9FC22AC1124001DD658 /* Airport RoutesTests.xctest */,
				778ECA0722AC1124001DD658 /* Airport RoutesUITests.xctest */,
			);
			name = Products;
			sourceTree = "<group>";
		};
		778EC9EA22AC1120001DD658 /* Airport Routes */ = {
			isa = PBXGroup;
			children = (
				77D568E122AD14CE008B3A64 /* App Flow */,
				7765843622AC3DD200E8D9F8 /* Manager */,
				77601ADC22AC1FF8002A6168 /* Utilities */,
				77601AD922AC1FBD002A6168 /* Service */,
				77601AD622AC1E5D002A6168 /* Model */,
				778EC9EB22AC1120001DD658 /* AppDelegate.swift */,
				7765843B22AC5AB300E8D9F8 /* UserStrings.swift */,
				778EC9F222AC1124001DD658 /* Assets.xcassets */,
				778EC9F422AC1124001DD658 /* LaunchScreen.storyboard */,
				778EC9F722AC1124001DD658 /* Info.plist */,
			);
			path = "Airport Routes";
			sourceTree = "<group>";
		};
		778EC9FF22AC1124001DD658 /* Airport RoutesTests */ = {
			isa = PBXGroup;
			children = (
				778ECA0022AC1124001DD658 /* Airport_RoutesTests.swift */,
				77601AE122AC2544002A6168 /* TestData.swift */,
				778ECA0222AC1124001DD658 /* Info.plist */,
			);
			path = "Airport RoutesTests";
			sourceTree = "<group>";
		};
		778ECA0A22AC1124001DD658 /* Airport RoutesUITests */ = {
			isa = PBXGroup;
			children = (
				778ECA0B22AC1124001DD658 /* Airport_RoutesUITests.swift */,
				778ECA0D22AC1124001DD658 /* Info.plist */,
			);
			path = "Airport RoutesUITests";
			sourceTree = "<group>";
		};
		77D568D522AC96A3008B3A64 /* Frameworks */ = {
			isa = PBXGroup;
			children = (
				77D568D622AC96A3008B3A64 /* MapKit.framework */,
			);
			name = Frameworks;
			sourceTree = "<group>";
		};
		77D568D822AD13B6008B3A64 /* View */ = {
			isa = PBXGroup;
			children = (
				77D568DB22AD1411008B3A64 /* HomeMapViewController.swift */,
				778EC9EF22AC1120001DD658 /* Home.storyboard */,
			);
			path = View;
			sourceTree = "<group>";
		};
		77D568D922AD13C8008B3A64 /* Home Screen */ = {
			isa = PBXGroup;
			children = (
				77D568DA22AD13D2008B3A64 /* View Model */,
				77D568D822AD13B6008B3A64 /* View */,
			);
			path = "Home Screen";
			sourceTree = "<group>";
		};
		77D568DA22AD13D2008B3A64 /* View Model */ = {
			isa = PBXGroup;
			children = (
				77D568DD22AD148B008B3A64 /* HomeMapViewModel.swift */,
			);
			path = "View Model";
			sourceTree = "<group>";
		};
		77D568E122AD14CE008B3A64 /* App Flow */ = {
			isa = PBXGroup;
			children = (
				77D568DF22AD14C7008B3A64 /* AppCoordinator.swift */,
				77D568D922AD13C8008B3A64 /* Home Screen */,
			);
			path = "App Flow";
			sourceTree = "<group>";
		};
/* End PBXGroup section */

/* Begin PBXNativeTarget section */
		778EC9E722AC1120001DD658 /* Airport Routes */ = {
			isa = PBXNativeTarget;
			buildConfigurationList = 778ECA1022AC1124001DD658 /* Build configuration list for PBXNativeTarget "Airport Routes" */;
			buildPhases = (
				778EC9E422AC1120001DD658 /* Sources */,
				778EC9E522AC1120001DD658 /* Frameworks */,
				778EC9E622AC1120001DD658 /* Resources */,
			);
			buildRules = (
			);
			dependencies = (
			);
			name = "Airport Routes";
			productName = "Airport Routes";
			productReference = 778EC9E822AC1120001DD658 /* Airport Routes.app */;
			productType = "com.apple.product-type.application";
		};
		778EC9FB22AC1124001DD658 /* Airport RoutesTests */ = {
			isa = PBXNativeTarget;
			buildConfigurationList = 778ECA1322AC1124001DD658 /* Build configuration list for PBXNativeTarget "Airport RoutesTests" */;
			buildPhases = (
				778EC9F822AC1124001DD658 /* Sources */,
				778EC9F922AC1124001DD658 /* Frameworks */,
				778EC9FA22AC1124001DD658 /* Resources */,
			);
			buildRules = (
			);
			dependencies = (
				778EC9FE22AC1124001DD658 /* PBXTargetDependency */,
			);
			name = "Airport RoutesTests";
			productName = "Airport RoutesTests";
			productReference = 778EC9FC22AC1124001DD658 /* Airport RoutesTests.xctest */;
			productType = "com.apple.product-type.bundle.unit-test";
		};
		778ECA0622AC1124001DD658 /* Airport RoutesUITests */ = {
			isa = PBXNativeTarget;
			buildConfigurationList = 778ECA1622AC1124001DD658 /* Build configuration list for PBXNativeTarget "Airport RoutesUITests" */;
			buildPhases = (
				778ECA0322AC1124001DD658 /* Sources */,
				778ECA0422AC1124001DD658 /* Frameworks */,
				778ECA0522AC1124001DD658 /* Resources */,
			);
			buildRules = (
			);
			dependencies = (
				778ECA0922AC1124001DD658 /* PBXTargetDependency */,
			);
			name = "Airport RoutesUITests";
			productName = "Airport RoutesUITests";
			productReference = 778ECA0722AC1124001DD658 /* Airport RoutesUITests.xctest */;
			productType = "com.apple.product-type.bundle.ui-testing";
		};
/* End PBXNativeTarget section */

/* Begin PBXProject section */
		778EC9E022AC1120001DD658 /* Project object */ = {
			isa = PBXProject;
			attributes = {
				LastSwiftUpdateCheck = 1020;
				LastUpgradeCheck = 1020;
				ORGANIZATIONNAME = "Tom Lai";
				TargetAttributes = {
					778EC9E722AC1120001DD658 = {
						CreatedOnToolsVersion = 10.2.1;
						SystemCapabilities = {
							com.apple.Maps.iOS = {
								enabled = 1;
							};
						};
					};
					778EC9FB22AC1124001DD658 = {
						CreatedOnToolsVersion = 10.2.1;
						TestTargetID = 778EC9E722AC1120001DD658;
					};
					778ECA0622AC1124001DD658 = {
						CreatedOnToolsVersion = 10.2.1;
						TestTargetID = 778EC9E722AC1120001DD658;
					};
				};
			};
			buildConfigurationList = 778EC9E322AC1120001DD658 /* Build configuration list for PBXProject "Airport Routes" */;
			compatibilityVersion = "Xcode 9.3";
			developmentRegion = en;
			hasScannedForEncodings = 0;
			knownRegions = (
				en,
				Base,
			);
			mainGroup = 778EC9DF22AC1120001DD658;
			productRefGroup = 778EC9E922AC1120001DD658 /* Products */;
			projectDirPath = "";
			projectRoot = "";
			targets = (
				778EC9E722AC1120001DD658 /* Airport Routes */,
				778EC9FB22AC1124001DD658 /* Airport RoutesTests */,
				778ECA0622AC1124001DD658 /* Airport RoutesUITests */,
			);
		};
/* End PBXProject section */

/* Begin PBXResourcesBuildPhase section */
		778EC9E622AC1120001DD658 /* Resources */ = {
			isa = PBXResourcesBuildPhase;
			buildActionMask = 2147483647;
			files = (
				778EC9F622AC1124001DD658 /* LaunchScreen.storyboard in Resources */,
				778EC9F322AC1124001DD658 /* Assets.xcassets in Resources */,
				77601AD522AC11F4002A6168 /* data in Resources */,
				778EC9F122AC1120001DD658 /* Home.storyboard in Resources */,
			);
			runOnlyForDeploymentPostprocessing = 0;
		};
		778EC9FA22AC1124001DD658 /* Resources */ = {
			isa = PBXResourcesBuildPhase;
			buildActionMask = 2147483647;
			files = (
				77601AE022AC22F9002A6168 /* data in Resources */,
			);
			runOnlyForDeploymentPostprocessing = 0;
		};
		778ECA0522AC1124001DD658 /* Resources */ = {
			isa = PBXResourcesBuildPhase;
			buildActionMask = 2147483647;
			files = (
			);
			runOnlyForDeploymentPostprocessing = 0;
		};
/* End PBXResourcesBuildPhase section */

/* Begin PBXSourcesBuildPhase section */
		778EC9E422AC1120001DD658 /* Sources */ = {
			isa = PBXSourcesBuildPhase;
			buildActionMask = 2147483647;
			files = (
				77601AD822AC1E7A002A6168 /* Airport.swift in Sources */,
				7765843322AC39B500E8D9F8 /* Routes.swift in Sources */,
				77D568E022AD14C7008B3A64 /* AppCoordinator.swift in Sources */,
				77601ADB22AC1FE1002A6168 /* CSVReader.swift in Sources */,
				77D568DE22AD148B008B3A64 /* HomeMapViewModel.swift in Sources */,
				77601AE422AC2700002A6168 /* AirportService.swift in Sources */,
				7765842722AC368800E8D9F8 /* AirlineService.swift in Sources */,
				7765843822AC3DE400E8D9F8 /* RouteManager.swift in Sources */,
				7765843E22AC66C300E8D9F8 /* String+CSVQuotes.swift in Sources */,
				778EC9EC22AC1120001DD658 /* AppDelegate.swift in Sources */,
				7765842922AC376000E8D9F8 /* Airlines.swift in Sources */,
				7765842E22AC391C00E8D9F8 /* RouteService.swift in Sources */,
				77D568E322AD171F008B3A64 /* TypeAlias.swift in Sources */,
				7765843022AC393D00E8D9F8 /* Route.swift in Sources */,
				77D568DC22AD1411008B3A64 /* HomeMapViewController.swift in Sources */,
				7765843C22AC5AB400E8D9F8 /* UserStrings.swift in Sources */,
				77601AE622AC2726002A6168 /* Airports.swift in Sources */,
				7765842522AC365400E8D9F8 /* Airline.swift in Sources */,
			);
			runOnlyForDeploymentPostprocessing = 0;
		};
		778EC9F822AC1124001DD658 /* Sources */ = {
			isa = PBXSourcesBuildPhase;
			buildActionMask = 2147483647;
			files = (
				77601AE222AC2544002A6168 /* TestData.swift in Sources */,
				7765843522AC3C8600E8D9F8 /* RouteServiceTests.swift in Sources */,
				7765841F22AC35D400E8D9F8 /* FakeCSVReader.swift in Sources */,
				7765842B22AC380B00E8D9F8 /* AirlineServiceTests.swift in Sources */,
				77601AE822AC29C0002A6168 /* AirportServiceTests.swift in Sources */,
				778ECA0122AC1124001DD658 /* Airport_RoutesTests.swift in Sources */,
				7765844022AC66E800E8D9F8 /* String+CSVQuotesTests.swift in Sources */,
				77601ADE22AC2184002A6168 /* CSVReaderTests.swift in Sources */,
				7765843A22AC4AC200E8D9F8 /* RouteManagerTests.swift in Sources */,
			);
			runOnlyForDeploymentPostprocessing = 0;
		};
		778ECA0322AC1124001DD658 /* Sources */ = {
			isa = PBXSourcesBuildPhase;
			buildActionMask = 2147483647;
			files = (
				778ECA0C22AC1124001DD658 /* Airport_RoutesUITests.swift in Sources */,
			);
			runOnlyForDeploymentPostprocessing = 0;
		};
/* End PBXSourcesBuildPhase section */

/* Begin PBXTargetDependency section */
		778EC9FE22AC1124001DD658 /* PBXTargetDependency */ = {
			isa = PBXTargetDependency;
			target = 778EC9E722AC1120001DD658 /* Airport Routes */;
			targetProxy = 778EC9FD22AC1124001DD658 /* PBXContainerItemProxy */;
		};
		778ECA0922AC1124001DD658 /* PBXTargetDependency */ = {
			isa = PBXTargetDependency;
			target = 778EC9E722AC1120001DD658 /* Airport Routes */;
			targetProxy = 778ECA0822AC1124001DD658 /* PBXContainerItemProxy */;
		};
/* End PBXTargetDependency section */

/* Begin PBXVariantGroup section */
		778EC9EF22AC1120001DD658 /* Home.storyboard */ = {
			isa = PBXVariantGroup;
			children = (
				778EC9F022AC1120001DD658 /* Base */,
			);
			name = Home.storyboard;
			sourceTree = "<group>";
		};
		778EC9F422AC1124001DD658 /* LaunchScreen.storyboard */ = {
			isa = PBXVariantGroup;
			children = (
				778EC9F522AC1124001DD658 /* Base */,
			);
			name = LaunchScreen.storyboard;
			sourceTree = "<group>";
		};
/* End PBXVariantGroup section */

/* Begin XCBuildConfiguration section */
		778ECA0E22AC1124001DD658 /* Debug */ = {
			isa = XCBuildConfiguration;
			buildSettings = {
				ALWAYS_SEARCH_USER_PATHS = NO;
				CLANG_ANALYZER_NONNULL = YES;
				CLANG_ANALYZER_NUMBER_OBJECT_CONVERSION = YES_AGGRESSIVE;
				CLANG_CXX_LANGUAGE_STANDARD = "gnu++14";
				CLANG_CXX_LIBRARY = "libc++";
				CLANG_ENABLE_MODULES = YES;
				CLANG_ENABLE_OBJC_ARC = YES;
				CLANG_ENABLE_OBJC_WEAK = YES;
				CLANG_WARN_BLOCK_CAPTURE_AUTORELEASING = YES;
				CLANG_WARN_BOOL_CONVERSION = YES;
				CLANG_WARN_COMMA = YES;
				CLANG_WARN_CONSTANT_CONVERSION = YES;
				CLANG_WARN_DEPRECATED_OBJC_IMPLEMENTATIONS = YES;
				CLANG_WARN_DIRECT_OBJC_ISA_USAGE = YES_ERROR;
				CLANG_WARN_DOCUMENTATION_COMMENTS = YES;
				CLANG_WARN_EMPTY_BODY = YES;
				CLANG_WARN_ENUM_CONVERSION = YES;
				CLANG_WARN_INFINITE_RECURSION = YES;
				CLANG_WARN_INT_CONVERSION = YES;
				CLANG_WARN_NON_LITERAL_NULL_CONVERSION = YES;
				CLANG_WARN_OBJC_IMPLICIT_RETAIN_SELF = YES;
				CLANG_WARN_OBJC_LITERAL_CONVERSION = YES;
				CLANG_WARN_OBJC_ROOT_CLASS = YES_ERROR;
				CLANG_WARN_RANGE_LOOP_ANALYSIS = YES;
				CLANG_WARN_STRICT_PROTOTYPES = YES;
				CLANG_WARN_SUSPICIOUS_MOVE = YES;
				CLANG_WARN_UNGUARDED_AVAILABILITY = YES_AGGRESSIVE;
				CLANG_WARN_UNREACHABLE_CODE = YES;
				CLANG_WARN__DUPLICATE_METHOD_MATCH = YES;
				CODE_SIGN_IDENTITY = "iPhone Developer";
				COPY_PHASE_STRIP = NO;
				DEBUG_INFORMATION_FORMAT = dwarf;
				ENABLE_STRICT_OBJC_MSGSEND = YES;
				ENABLE_TESTABILITY = YES;
				GCC_C_LANGUAGE_STANDARD = gnu11;
				GCC_DYNAMIC_NO_PIC = NO;
				GCC_NO_COMMON_BLOCKS = YES;
				GCC_OPTIMIZATION_LEVEL = 0;
				GCC_PREPROCESSOR_DEFINITIONS = (
					"DEBUG=1",
					"$(inherited)",
				);
				GCC_WARN_64_TO_32_BIT_CONVERSION = YES;
				GCC_WARN_ABOUT_RETURN_TYPE = YES_ERROR;
				GCC_WARN_UNDECLARED_SELECTOR = YES;
				GCC_WARN_UNINITIALIZED_AUTOS = YES_AGGRESSIVE;
				GCC_WARN_UNUSED_FUNCTION = YES;
				GCC_WARN_UNUSED_VARIABLE = YES;
				IPHONEOS_DEPLOYMENT_TARGET = 12.2;
				MTL_ENABLE_DEBUG_INFO = INCLUDE_SOURCE;
				MTL_FAST_MATH = YES;
				ONLY_ACTIVE_ARCH = YES;
				SDKROOT = iphoneos;
				SWIFT_ACTIVE_COMPILATION_CONDITIONS = DEBUG;
				SWIFT_OPTIMIZATION_LEVEL = "-Onone";
			};
			name = Debug;
		};
		778ECA0F22AC1124001DD658 /* Release */ = {
			isa = XCBuildConfiguration;
			buildSettings = {
				ALWAYS_SEARCH_USER_PATHS = NO;
				CLANG_ANALYZER_NONNULL = YES;
				CLANG_ANALYZER_NUMBER_OBJECT_CONVERSION = YES_AGGRESSIVE;
				CLANG_CXX_LANGUAGE_STANDARD = "gnu++14";
				CLANG_CXX_LIBRARY = "libc++";
				CLANG_ENABLE_MODULES = YES;
				CLANG_ENABLE_OBJC_ARC = YES;
				CLANG_ENABLE_OBJC_WEAK = YES;
				CLANG_WARN_BLOCK_CAPTURE_AUTORELEASING = YES;
				CLANG_WARN_BOOL_CONVERSION = YES;
				CLANG_WARN_COMMA = YES;
				CLANG_WARN_CONSTANT_CONVERSION = YES;
				CLANG_WARN_DEPRECATED_OBJC_IMPLEMENTATIONS = YES;
				CLANG_WARN_DIRECT_OBJC_ISA_USAGE = YES_ERROR;
				CLANG_WARN_DOCUMENTATION_COMMENTS = YES;
				CLANG_WARN_EMPTY_BODY = YES;
				CLANG_WARN_ENUM_CONVERSION = YES;
				CLANG_WARN_INFINITE_RECURSION = YES;
				CLANG_WARN_INT_CONVERSION = YES;
				CLANG_WARN_NON_LITERAL_NULL_CONVERSION = YES;
				CLANG_WARN_OBJC_IMPLICIT_RETAIN_SELF = YES;
				CLANG_WARN_OBJC_LITERAL_CONVERSION = YES;
				CLANG_WARN_OBJC_ROOT_CLASS = YES_ERROR;
				CLANG_WARN_RANGE_LOOP_ANALYSIS = YES;
				CLANG_WARN_STRICT_PROTOTYPES = YES;
				CLANG_WARN_SUSPICIOUS_MOVE = YES;
				CLANG_WARN_UNGUARDED_AVAILABILITY = YES_AGGRESSIVE;
				CLANG_WARN_UNREACHABLE_CODE = YES;
				CLANG_WARN__DUPLICATE_METHOD_MATCH = YES;
				CODE_SIGN_IDENTITY = "iPhone Developer";
				COPY_PHASE_STRIP = NO;
				DEBUG_INFORMATION_FORMAT = "dwarf-with-dsym";
				ENABLE_NS_ASSERTIONS = NO;
				ENABLE_STRICT_OBJC_MSGSEND = YES;
				GCC_C_LANGUAGE_STANDARD = gnu11;
				GCC_NO_COMMON_BLOCKS = YES;
				GCC_WARN_64_TO_32_BIT_CONVERSION = YES;
				GCC_WARN_ABOUT_RETURN_TYPE = YES_ERROR;
				GCC_WARN_UNDECLARED_SELECTOR = YES;
				GCC_WARN_UNINITIALIZED_AUTOS = YES_AGGRESSIVE;
				GCC_WARN_UNUSED_FUNCTION = YES;
				GCC_WARN_UNUSED_VARIABLE = YES;
				IPHONEOS_DEPLOYMENT_TARGET = 12.2;
				MTL_ENABLE_DEBUG_INFO = NO;
				MTL_FAST_MATH = YES;
				SDKROOT = iphoneos;
				SWIFT_COMPILATION_MODE = wholemodule;
				SWIFT_OPTIMIZATION_LEVEL = "-O";
				VALIDATE_PRODUCT = YES;
			};
			name = Release;
		};
		778ECA1122AC1124001DD658 /* Debug */ = {
			isa = XCBuildConfiguration;
			buildSettings = {
				ASSETCATALOG_COMPILER_APPICON_NAME = AppIcon;
				CODE_SIGN_STYLE = Automatic;
				DEVELOPMENT_TEAM = DPRFY9YDG3;
				INFOPLIST_FILE = "Airport Routes/Info.plist";
				LD_RUNPATH_SEARCH_PATHS = (
					"$(inherited)",
					"@executable_path/Frameworks",
				);
				PRODUCT_BUNDLE_IDENTIFIER = "Lai.Airport-Routes";
				PRODUCT_NAME = "$(TARGET_NAME)";
				SWIFT_VERSION = 5.0;
				TARGETED_DEVICE_FAMILY = "1,2";
			};
			name = Debug;
		};
		778ECA1222AC1124001DD658 /* Release */ = {
			isa = XCBuildConfiguration;
			buildSettings = {
				ASSETCATALOG_COMPILER_APPICON_NAME = AppIcon;
				CODE_SIGN_STYLE = Automatic;
				DEVELOPMENT_TEAM = DPRFY9YDG3;
				INFOPLIST_FILE = "Airport Routes/Info.plist";
				LD_RUNPATH_SEARCH_PATHS = (
					"$(inherited)",
					"@executable_path/Frameworks",
				);
				PRODUCT_BUNDLE_IDENTIFIER = "Lai.Airport-Routes";
				PRODUCT_NAME = "$(TARGET_NAME)";
				SWIFT_VERSION = 5.0;
				TARGETED_DEVICE_FAMILY = "1,2";
			};
			name = Release;
		};
		778ECA1422AC1124001DD658 /* Debug */ = {
			isa = XCBuildConfiguration;
			buildSettings = {
				ALWAYS_EMBED_SWIFT_STANDARD_LIBRARIES = YES;
				BUNDLE_LOADER = "$(TEST_HOST)";
				CODE_SIGN_STYLE = Automatic;
				DEVELOPMENT_TEAM = DPRFY9YDG3;
				INFOPLIST_FILE = "Airport RoutesTests/Info.plist";
				LD_RUNPATH_SEARCH_PATHS = (
					"$(inherited)",
					"@executable_path/Frameworks",
					"@loader_path/Frameworks",
				);
				PRODUCT_BUNDLE_IDENTIFIER = "Lai.Airport-RoutesTests";
				PRODUCT_NAME = "$(TARGET_NAME)";
				SWIFT_VERSION = 5.0;
				TARGETED_DEVICE_FAMILY = "1,2";
				TEST_HOST = "$(BUILT_PRODUCTS_DIR)/Airport Routes.app/Airport Routes";
			};
			name = Debug;
		};
		778ECA1522AC1124001DD658 /* Release */ = {
			isa = XCBuildConfiguration;
			buildSettings = {
				ALWAYS_EMBED_SWIFT_STANDARD_LIBRARIES = YES;
				BUNDLE_LOADER = "$(TEST_HOST)";
				CODE_SIGN_STYLE = Automatic;
				DEVELOPMENT_TEAM = DPRFY9YDG3;
				INFOPLIST_FILE = "Airport RoutesTests/Info.plist";
				LD_RUNPATH_SEARCH_PATHS = (
					"$(inherited)",
					"@executable_path/Frameworks",
					"@loader_path/Frameworks",
				);
				PRODUCT_BUNDLE_IDENTIFIER = "Lai.Airport-RoutesTests";
				PRODUCT_NAME = "$(TARGET_NAME)";
				SWIFT_VERSION = 5.0;
				TARGETED_DEVICE_FAMILY = "1,2";
				TEST_HOST = "$(BUILT_PRODUCTS_DIR)/Airport Routes.app/Airport Routes";
			};
			name = Release;
		};
		778ECA1722AC1124001DD658 /* Debug */ = {
			isa = XCBuildConfiguration;
			buildSettings = {
				ALWAYS_EMBED_SWIFT_STANDARD_LIBRARIES = YES;
				CODE_SIGN_STYLE = Automatic;
				DEVELOPMENT_TEAM = DPRFY9YDG3;
				INFOPLIST_FILE = "Airport RoutesUITests/Info.plist";
				LD_RUNPATH_SEARCH_PATHS = (
					"$(inherited)",
					"@executable_path/Frameworks",
					"@loader_path/Frameworks",
				);
				PRODUCT_BUNDLE_IDENTIFIER = "Lai.Airport-RoutesUITests";
				PRODUCT_NAME = "$(TARGET_NAME)";
				SWIFT_VERSION = 5.0;
				TARGETED_DEVICE_FAMILY = "1,2";
				TEST_TARGET_NAME = "Airport Routes";
			};
			name = Debug;
		};
		778ECA1822AC1124001DD658 /* Release */ = {
			isa = XCBuildConfiguration;
			buildSettings = {
				ALWAYS_EMBED_SWIFT_STANDARD_LIBRARIES = YES;
				CODE_SIGN_STYLE = Automatic;
				DEVELOPMENT_TEAM = DPRFY9YDG3;
				INFOPLIST_FILE = "Airport RoutesUITests/Info.plist";
				LD_RUNPATH_SEARCH_PATHS = (
					"$(inherited)",
					"@executable_path/Frameworks",
					"@loader_path/Frameworks",
				);
				PRODUCT_BUNDLE_IDENTIFIER = "Lai.Airport-RoutesUITests";
				PRODUCT_NAME = "$(TARGET_NAME)";
				SWIFT_VERSION = 5.0;
				TARGETED_DEVICE_FAMILY = "1,2";
				TEST_TARGET_NAME = "Airport Routes";
			};
			name = Release;
		};
/* End XCBuildConfiguration section */

/* Begin XCConfigurationList section */
		778EC9E322AC1120001DD658 /* Build configuration list for PBXProject "Airport Routes" */ = {
			isa = XCConfigurationList;
			buildConfigurations = (
				778ECA0E22AC1124001DD658 /* Debug */,
				778ECA0F22AC1124001DD658 /* Release */,
			);
			defaultConfigurationIsVisible = 0;
			defaultConfigurationName = Release;
		};
		778ECA1022AC1124001DD658 /* Build configuration list for PBXNativeTarget "Airport Routes" */ = {
			isa = XCConfigurationList;
			buildConfigurations = (
				778ECA1122AC1124001DD658 /* Debug */,
				778ECA1222AC1124001DD658 /* Release */,
			);
			defaultConfigurationIsVisible = 0;
			defaultConfigurationName = Release;
		};
		778ECA1322AC1124001DD658 /* Build configuration list for PBXNativeTarget "Airport RoutesTests" */ = {
			isa = XCConfigurationList;
			buildConfigurations = (
				778ECA1422AC1124001DD658 /* Debug */,
				778ECA1522AC1124001DD658 /* Release */,
			);
			defaultConfigurationIsVisible = 0;
			defaultConfigurationName = Release;
		};
		778ECA1622AC1124001DD658 /* Build configuration list for PBXNativeTarget "Airport RoutesUITests" */ = {
			isa = XCConfigurationList;
			buildConfigurations = (
				778ECA1722AC1124001DD658 /* Debug */,
				778ECA1822AC1124001DD658 /* Release */,
			);
			defaultConfigurationIsVisible = 0;
			defaultConfigurationName = Release;
		};
/* End XCConfigurationList section */
	};
	rootObject = 778EC9E022AC1120001DD658 /* Project object */;
}
