// !$*UTF8*$!
{
	archiveVersion = 1;
	classes = {
	};
	objectVersion = 50;
	objects = {

/* Begin PBXBuildFile section */
		778EC9EC22AC1120001DD658 /* AppDelegate.swift in Sources */ = {isa = PBXBuildFile; fileRef = 778EC9EB22AC1120001DD658 /* AppDelegate.swift */; };
		778EC9EE22AC1120001DD658 /* ViewController.swift in Sources */ = {isa = PBXBuildFile; fileRef = 778EC9ED22AC1120001DD658 /* ViewController.swift */; };
		778EC9F122AC1120001DD658 /* Main.storyboard in Resources */ = {isa = PBXBuildFile; fileRef = 778EC9EF22AC1120001DD658 /* Main.storyboard */; };
		778EC9F322AC1124001DD658 /* Assets.xcassets in Resources */ = {isa = PBXBuildFile; fileRef = 778EC9F222AC1124001DD658 /* Assets.xcassets */; };
		778EC9F622AC1124001DD658 /* LaunchScreen.storyboard in Resources */ = {isa = PBXBuildFile; fileRef = 778EC9F422AC1124001DD658 /* LaunchScreen.storyboard */; };
		778ECA0122AC1124001DD658 /* Airport_RoutesTests.swift in Sources */ = {isa = PBXBuildFile; fileRef = 778ECA0022AC1124001DD658 /* Airport_RoutesTests.swift */; };
		778ECA0C22AC1124001DD658 /* Airport_RoutesUITests.swift in Sources */ = {isa = PBXBuildFile; fileRef = 778ECA0B22AC1124001DD658 /* Airport_RoutesUITests.swift */; };
/* End PBXBuildFile section */

/* Begin PBXContainerItemProxy section */
		778EC9FD22AC1124001DD658 /* PBXContainerItemProxy */ = {
			isa = PBXContainerItemProxy;
			containerPortal = 778EC9E022AC1120001DD658 /* Project object */;
			proxyType = 1;
			remoteGlobalIDString = 778EC9E722AC1120001DD658;
			remoteInfo = "Airport Routes";
		};
		778ECA0822AC1124001DD658 /* PBXContainerItemProxy */ = {
			isa = PBXContainerItemProxy;
			containerPortal = 778EC9E022AC1120001DD658 /* Project object */;
			proxyType = 1;
			remoteGlobalIDString = 778EC9E722AC1120001DD658;
			remoteInfo = "Airport Routes";
		};
/* End PBXContainerItemProxy section */

/* Begin PBXFileReference section */
		778EC9E822AC1120001DD658 /* Airport Routes.app */ = {isa = PBXFileReference; explicitFileType = wrapper.application; includeInIndex = 0; path = "Airport Routes.app"; sourceTree = BUILT_PRODUCTS_DIR; };
		778EC9EB22AC1120001DD658 /* AppDelegate.swift */ = {isa = PBXFileReference; lastKnownFileType = sourcecode.swift; path = AppDelegate.swift; sourceTree = "<group>"; };
		778EC9ED22AC1120001DD658 /* ViewController.swift */ = {isa = PBXFileReference; lastKnownFileType = sourcecode.swift; path = ViewController.swift; sourceTree = "<group>"; };
		778EC9F022AC1120001DD658 /* Base */ = {isa = PBXFileReference; lastKnownFileType = file.storyboard; name = Base; path = Base.lproj/Main.storyboard; sourceTree = "<group>"; };
		778EC9F222AC1124001DD658 /* Assets.xcassets */ = {isa = PBXFileReference; lastKnownFileType = folder.assetcatalog; path = Assets.xcassets; sourceTree = "<group>"; };
		778EC9F522AC1124001DD658 /* Base */ = {isa = PBXFileReference; lastKnownFileType = file.storyboard; name = Base; path = Base.lproj/LaunchScreen.storyboard; sourceTree = "<group>"; };
		778EC9F722AC1124001DD658 /* Info.plist */ = {isa = PBXFileReference; lastKnownFileType = text.plist.xml; path = Info.plist; sourceTree = "<group>"; };
		778EC9FC22AC1124001DD658 /* Airport RoutesTests.xctest */ = {isa = PBXFileReference; explicitFileType = wrapper.cfbundle; includeInIndex = 0; path = "Airport RoutesTests.xctest"; sourceTree = BUILT_PRODUCTS_DIR; };
		778ECA0022AC1124001DD658 /* Airport_RoutesTests.swift */ = {isa = PBXFileReference; lastKnownFileType = sourcecode.swift; path = Airport_RoutesTests.swift; sourceTree = "<group>"; };
		778ECA0222AC1124001DD658 /* Info.plist */ = {isa = PBXFileReference; lastKnownFileType = text.plist.xml; path = Info.plist; sourceTree = "<group>"; };
		778ECA0722AC1124001DD658 /* Airport RoutesUITests.xctest */ = {isa = PBXFileReference; explicitFileType = wrapper.cfbundle; includeInIndex = 0; path = "Airport RoutesUITests.xctest"; sourceTree = BUILT_PRODUCTS_DIR; };
		778ECA0B22AC1124001DD658 /* Airport_RoutesUITests.swift */ = {isa = PBXFileReference; lastKnownFileType = sourcecode.swift; path = Airport_RoutesUITests.swift; sourceTree = "<group>"; };
		778ECA0D22AC1124001DD658 /* Info.plist */ = {isa = PBXFileReference; lastKnownFileType = text.plist.xml; path = Info.plist; sourceTree = "<group>"; };
/* End PBXFileReference section */

/* Begin PBXFrameworksBuildPhase section */
		778EC9E522AC1120001DD658 /* Frameworks */ = {
			isa = PBXFrameworksBuildPhase;
			buildActionMask = 2147483647;
			files = (
			);
			runOnlyForDeploymentPostprocessing = 0;
		};
		778EC9F922AC1124001DD658 /* Frameworks */ = {
			isa = PBXFrameworksBuildPhase;
			buildActionMask = 2147483647;
			files = (
			);
			runOnlyForDeploymentPostprocessing = 0;
		};
		778ECA0422AC1124001DD658 /* Frameworks */ = {
			isa = PBXFrameworksBuildPhase;
			buildActionMask = 2147483647;
			files = (
			);
			runOnlyForDeploymentPostprocessing = 0;
		};
/* End PBXFrameworksBuildPhase section */

/* Begin PBXGroup section */
		778EC9DF22AC1120001DD658 = {
			isa = PBXGroup;
			children = (
				778EC9EA22AC1120001DD658 /* Airport Routes */,
				778EC9FF22AC1124001DD658 /* Airport RoutesTests */,
				778ECA0A22AC1124001DD658 /* Airport RoutesUITests */,
				778EC9E922AC1120001DD658 /* Products */,
			);
			sourceTree = "<group>";
		};
		778EC9E922AC1120001DD658 /* Products */ = {
			isa = PBXGroup;
			children = (
				778EC9E822AC1120001DD658 /* Airport Routes.app */,
				778EC9FC22AC1124001DD658 /* Airport RoutesTests.xctest */,
				778ECA0722AC1124001DD658 /* Airport RoutesUITests.xctest */,
			);
			name = Products;
			sourceTree = "<group>";
		};
		778EC9EA22AC1120001DD658 /* Airport Routes */ = {
			isa = PBXGroup;
			children = (
				778EC9EB22AC1120001DD658 /* AppDelegate.swift */,
				778EC9ED22AC1120001DD658 /* ViewController.swift */,
				778EC9EF22AC1120001DD658 /* Main.storyboard */,
				778EC9F222AC1124001DD658 /* Assets.xcassets */,
				778EC9F422AC1124001DD658 /* LaunchScreen.storyboard */,
				778EC9F722AC1124001DD658 /* Info.plist */,
			);
			path = "Airport Routes";
			sourceTree = "<group>";
		};
		778EC9FF22AC1124001DD658 /* Airport RoutesTests */ = {
			isa = PBXGroup;
			children = (
				778ECA0022AC1124001DD658 /* Airport_RoutesTests.swift */,
				778ECA0222AC1124001DD658 /* Info.plist */,
			);
			path = "Airport RoutesTests";
			sourceTree = "<group>";
		};
		778ECA0A22AC1124001DD658 /* Airport RoutesUITests */ = {
			isa = PBXGroup;
			children = (
				778ECA0B22AC1124001DD658 /* Airport_RoutesUITests.swift */,
				778ECA0D22AC1124001DD658 /* Info.plist */,
			);
			path = "Airport RoutesUITests";
			sourceTree = "<group>";
		};
/* End PBXGroup section */

/* Begin PBXNativeTarget section */
		778EC9E722AC1120001DD658 /* Airport Routes */ = {
			isa = PBXNativeTarget;
			buildConfigurationList = 778ECA1022AC1124001DD658 /* Build configuration list for PBXNativeTarget "Airport Routes" */;
			buildPhases = (
				778EC9E422AC1120001DD658 /* Sources */,
				778EC9E522AC1120001DD658 /* Frameworks */,
				778EC9E622AC1120001DD658 /* Resources */,
			);
			buildRules = (
			);
			dependencies = (
			);
			name = "Airport Routes";
			productName = "Airport Routes";
			productReference = 778EC9E822AC1120001DD658 /* Airport Routes.app */;
			productType = "com.apple.product-type.application";
		};
		778EC9FB22AC1124001DD658 /* Airport RoutesTests */ = {
			isa = PBXNativeTarget;
			buildConfigurationList = 778ECA1322AC1124001DD658 /* Build configuration list for PBXNativeTarget "Airport RoutesTests" */;
			buildPhases = (
				778EC9F822AC1124001DD658 /* Sources */,
				778EC9F922AC1124001DD658 /* Frameworks */,
				778EC9FA22AC1124001DD658 /* Resources */,
			);
			buildRules = (
			);
			dependencies = (
				778EC9FE22AC1124001DD658 /* PBXTargetDependency */,
			);
			name = "Airport RoutesTests";
			productName = "Airport RoutesTests";
			productReference = 778EC9FC22AC1124001DD658 /* Airport RoutesTests.xctest */;
			productType = "com.apple.product-type.bundle.unit-test";
		};
		778ECA0622AC1124001DD658 /* Airport RoutesUITests */ = {
			isa = PBXNativeTarget;
			buildConfigurationList = 778ECA1622AC1124001DD658 /* Build configuration list for PBXNativeTarget "Airport RoutesUITests" */;
			buildPhases = (
				778ECA0322AC1124001DD658 /* Sources */,
				778ECA0422AC1124001DD658 /* Frameworks */,
				778ECA0522AC1124001DD658 /* Resources */,
			);
			buildRules = (
			);
			dependencies = (
				778ECA0922AC1124001DD658 /* PBXTargetDependency */,
			);
			name = "Airport RoutesUITests";
			productName = "Airport RoutesUITests";
			productReference = 778ECA0722AC1124001DD658 /* Airport RoutesUITests.xctest */;
			productType = "com.apple.product-type.bundle.ui-testing";
		};
/* End PBXNativeTarget section */

/* Begin PBXProject section */
		778EC9E022AC1120001DD658 /* Project object */ = {
			isa = PBXProject;
			attributes = {
				LastSwiftUpdateCheck = 1020;
				LastUpgradeCheck = 1020;
				ORGANIZATIONNAME = "Tom Lai";
				TargetAttributes = {
					778EC9E722AC1120001DD658 = {
						CreatedOnToolsVersion = 10.2.1;
					};
					778EC9FB22AC1124001DD658 = {
						CreatedOnToolsVersion = 10.2.1;
						TestTargetID = 778EC9E722AC1120001DD658;
					};
					778ECA0622AC1124001DD658 = {
						CreatedOnToolsVersion = 10.2.1;
						TestTargetID = 778EC9E722AC1120001DD658;
					};
				};
			};
			buildConfigurationList = 778EC9E322AC1120001DD658 /* Build configuration list for PBXProject "Airport Routes" */;
			compatibilityVersion = "Xcode 9.3";
			developmentRegion = en;
			hasScannedForEncodings = 0;
			knownRegions = (
				en,
				Base,
			);
			mainGroup = 778EC9DF22AC1120001DD658;
			productRefGroup = 778EC9E922AC1120001DD658 /* Products */;
			projectDirPath = "";
			projectRoot = "";
			targets = (
				778EC9E722AC1120001DD658 /* Airport Routes */,
				778EC9FB22AC1124001DD658 /* Airport RoutesTests */,
				778ECA0622AC1124001DD658 /* Airport RoutesUITests */,
			);
		};
/* End PBXProject section */

/* Begin PBXResourcesBuildPhase section */
		778EC9E622AC1120001DD658 /* Resources */ = {
			isa = PBXResourcesBuildPhase;
			buildActionMask = 2147483647;
			files = (
				778EC9F622AC1124001DD658 /* LaunchScreen.storyboard in Resources */,
				778EC9F322AC1124001DD658 /* Assets.xcassets in Resources */,
				778EC9F122AC1120001DD658 /* Main.storyboard in Resources */,
			);
			runOnlyForDeploymentPostprocessing = 0;
		};
		778EC9FA22AC1124001DD658 /* Resources */ = {
			isa = PBXResourcesBuildPhase;
			buildActionMask = 2147483647;
			files = (
			);
			runOnlyForDeploymentPostprocessing = 0;
		};
		778ECA0522AC1124001DD658 /* Resources */ = {
			isa = PBXResourcesBuildPhase;
			buildActionMask = 2147483647;
			files = (
			);
			runOnlyForDeploymentPostprocessing = 0;
		};
/* End PBXResourcesBuildPhase section */

/* Begin PBXSourcesBuildPhase section */
		778EC9E422AC1120001DD658 /* Sources */ = {
			isa = PBXSourcesBuildPhase;
			buildActionMask = 2147483647;
			files = (
				778EC9EE22AC1120001DD658 /* ViewController.swift in Sources */,
				778EC9EC22AC1120001DD658 /* AppDelegate.swift in Sources */,
			);
			runOnlyForDeploymentPostprocessing = 0;
		};
		778EC9F822AC1124001DD658 /* Sources */ = {
			isa = PBXSourcesBuildPhase;
			buildActionMask = 2147483647;
			files = (
				778ECA0122AC1124001DD658 /* Airport_RoutesTests.swift in Sources */,
			);
			runOnlyForDeploymentPostprocessing = 0;
		};
		778ECA0322AC1124001DD658 /* Sources */ = {
			isa = PBXSourcesBuildPhase;
			buildActionMask = 2147483647;
			files = (
				778ECA0C22AC1124001DD658 /* Airport_RoutesUITests.swift in Sources */,
			);
			runOnlyForDeploymentPostprocessing = 0;
		};
/* End PBXSourcesBuildPhase section */

/* Begin PBXTargetDependency section */
		778EC9FE22AC1124001DD658 /* PBXTargetDependency */ = {
			isa = PBXTargetDependency;
			target = 778EC9E722AC1120001DD658 /* Airport Routes */;
			targetProxy = 778EC9FD22AC1124001DD658 /* PBXContainerItemProxy */;
		};
		778ECA0922AC1124001DD658 /* PBXTargetDependency */ = {
			isa = PBXTargetDependency;
			target = 778EC9E722AC1120001DD658 /* Airport Routes */;
			targetProxy = 778ECA0822AC1124001DD658 /* PBXContainerItemProxy */;
		};
/* End PBXTargetDependency section */

/* Begin PBXVariantGroup section */
		778EC9EF22AC1120001DD658 /* Main.storyboard */ = {
			isa = PBXVariantGroup;
			children = (
				778EC9F022AC1120001DD658 /* Base */,
			);
			name = Main.storyboard;
			sourceTree = "<group>";
		};
		778EC9F422AC1124001DD658 /* LaunchScreen.storyboard */ = {
			isa = PBXVariantGroup;
			children = (
				778EC9F522AC1124001DD658 /* Base */,
			);
			name = LaunchScreen.storyboard;
			sourceTree = "<group>";
		};
/* End PBXVariantGroup section */

/* Begin XCBuildConfiguration section */
		778ECA0E22AC1124001DD658 /* Debug */ = {
			isa = XCBuildConfiguration;
			buildSettings = {
				ALWAYS_SEARCH_USER_PATHS = NO;
				CLANG_ANALYZER_NONNULL = YES;
				CLANG_ANALYZER_NUMBER_OBJECT_CONVERSION = YES_AGGRESSIVE;
				CLANG_CXX_LANGUAGE_STANDARD = "gnu++14";
				CLANG_CXX_LIBRARY = "libc++";
				CLANG_ENABLE_MODULES = YES;
				CLANG_ENABLE_OBJC_ARC = YES;
				CLANG_ENABLE_OBJC_WEAK = YES;
				CLANG_WARN_BLOCK_CAPTURE_AUTORELEASING = YES;
				CLANG_WARN_BOOL_CONVERSION = YES;
				CLANG_WARN_COMMA = YES;
				CLANG_WARN_CONSTANT_CONVERSION = YES;
				CLANG_WARN_DEPRECATED_OBJC_IMPLEMENTATIONS = YES;
				CLANG_WARN_DIRECT_OBJC_ISA_USAGE = YES_ERROR;
				CLANG_WARN_DOCUMENTATION_COMMENTS = YES;
				CLANG_WARN_EMPTY_BODY = YES;
				CLANG_WARN_ENUM_CONVERSION = YES;
				CLANG_WARN_INFINITE_RECURSION = YES;
				CLANG_WARN_INT_CONVERSION = YES;
				CLANG_WARN_NON_LITERAL_NULL_CONVERSION = YES;
				CLANG_WARN_OBJC_IMPLICIT_RETAIN_SELF = YES;
				CLANG_WARN_OBJC_LITERAL_CONVERSION = YES;
				CLANG_WARN_OBJC_ROOT_CLASS = YES_ERROR;
				CLANG_WARN_RANGE_LOOP_ANALYSIS = YES;
				CLANG_WARN_STRICT_PROTOTYPES = YES;
				CLANG_WARN_SUSPICIOUS_MOVE = YES;
				CLANG_WARN_UNGUARDED_AVAILABILITY = YES_AGGRESSIVE;
				CLANG_WARN_UNREACHABLE_CODE = YES;
				CLANG_WARN__DUPLICATE_METHOD_MATCH = YES;
				CODE_SIGN_IDENTITY = "iPhone Developer";
				COPY_PHASE_STRIP = NO;
				DEBUG_INFORMATION_FORMAT = dwarf;
				ENABLE_STRICT_OBJC_MSGSEND = YES;
				ENABLE_TESTABILITY = YES;
				GCC_C_LANGUAGE_STANDARD = gnu11;
				GCC_DYNAMIC_NO_PIC = NO;
				GCC_NO_COMMON_BLOCKS = YES;
				GCC_OPTIMIZATION_LEVEL = 0;
				GCC_PREPROCESSOR_DEFINITIONS = (
					"DEBUG=1",
					"$(inherited)",
				);
				GCC_WARN_64_TO_32_BIT_CONVERSION = YES;
				GCC_WARN_ABOUT_RETURN_TYPE = YES_ERROR;
				GCC_WARN_UNDECLARED_SELECTOR = YES;
				GCC_WARN_UNINITIALIZED_AUTOS = YES_AGGRESSIVE;
				GCC_WARN_UNUSED_FUNCTION = YES;
				GCC_WARN_UNUSED_VARIABLE = YES;
				IPHONEOS_DEPLOYMENT_TARGET = 12.2;
				MTL_ENABLE_DEBUG_INFO = INCLUDE_SOURCE;
				MTL_FAST_MATH = YES;
				ONLY_ACTIVE_ARCH = YES;
				SDKROOT = iphoneos;
				SWIFT_ACTIVE_COMPILATION_CONDITIONS = DEBUG;
				SWIFT_OPTIMIZATION_LEVEL = "-Onone";
			};
			name = Debug;
		};
		778ECA0F22AC1124001DD658 /* Release */ = {
			isa = XCBuildConfiguration;
			buildSettings = {
				ALWAYS_SEARCH_USER_PATHS = NO;
				CLANG_ANALYZER_NONNULL = YES;
				CLANG_ANALYZER_NUMBER_OBJECT_CONVERSION = YES_AGGRESSIVE;
				CLANG_CXX_LANGUAGE_STANDARD = "gnu++14";
				CLANG_CXX_LIBRARY = "libc++";
				CLANG_ENABLE_MODULES = YES;
				CLANG_ENABLE_OBJC_ARC = YES;
				CLANG_ENABLE_OBJC_WEAK = YES;
				CLANG_WARN_BLOCK_CAPTURE_AUTORELEASING = YES;
				CLANG_WARN_BOOL_CONVERSION = YES;
				CLANG_WARN_COMMA = YES;
				CLANG_WARN_CONSTANT_CONVERSION = YES;
				CLANG_WARN_DEPRECATED_OBJC_IMPLEMENTATIONS = YES;
				CLANG_WARN_DIRECT_OBJC_ISA_USAGE = YES_ERROR;
				CLANG_WARN_DOCUMENTATION_COMMENTS = YES;
				CLANG_WARN_EMPTY_BODY = YES;
				CLANG_WARN_ENUM_CONVERSION = YES;
				CLANG_WARN_INFINITE_RECURSION = YES;
				CLANG_WARN_INT_CONVERSION = YES;
				CLANG_WARN_NON_LITERAL_NULL_CONVERSION = YES;
				CLANG_WARN_OBJC_IMPLICIT_RETAIN_SELF = YES;
				CLANG_WARN_OBJC_LITERAL_CONVERSION = YES;
				CLANG_WARN_OBJC_ROOT_CLASS = YES_ERROR;
				CLANG_WARN_RANGE_LOOP_ANALYSIS = YES;
				CLANG_WARN_STRICT_PROTOTYPES = YES;
				CLANG_WARN_SUSPICIOUS_MOVE = YES;
				CLANG_WARN_UNGUARDED_AVAILABILITY = YES_AGGRESSIVE;
				CLANG_WARN_UNREACHABLE_CODE = YES;
				CLANG_WARN__DUPLICATE_METHOD_MATCH = YES;
				CODE_SIGN_IDENTITY = "iPhone Developer";
				COPY_PHASE_STRIP = NO;
				DEBUG_INFORMATION_FORMAT = "dwarf-with-dsym";
				ENABLE_NS_ASSERTIONS = NO;
				ENABLE_STRICT_OBJC_MSGSEND = YES;
				GCC_C_LANGUAGE_STANDARD = gnu11;
				GCC_NO_COMMON_BLOCKS = YES;
				GCC_WARN_64_TO_32_BIT_CONVERSION = YES;
				GCC_WARN_ABOUT_RETURN_TYPE = YES_ERROR;
				GCC_WARN_UNDECLARED_SELECTOR = YES;
				GCC_WARN_UNINITIALIZED_AUTOS = YES_AGGRESSIVE;
				GCC_WARN_UNUSED_FUNCTION = YES;
				GCC_WARN_UNUSED_VARIABLE = YES;
				IPHONEOS_DEPLOYMENT_TARGET = 12.2;
				MTL_ENABLE_DEBUG_INFO = NO;
				MTL_FAST_MATH = YES;
				SDKROOT = iphoneos;
				SWIFT_COMPILATION_MODE = wholemodule;
				SWIFT_OPTIMIZATION_LEVEL = "-O";
				VALIDATE_PRODUCT = YES;
			};
			name = Release;
		};
		778ECA1122AC1124001DD658 /* Debug */ = {
			isa = XCBuildConfiguration;
			buildSettings = {
				ASSETCATALOG_COMPILER_APPICON_NAME = AppIcon;
				CODE_SIGN_STYLE = Automatic;
				DEVELOPMENT_TEAM = DPRFY9YDG3;
				INFOPLIST_FILE = "Airport Routes/Info.plist";
				LD_RUNPATH_SEARCH_PATHS = (
					"$(inherited)",
					"@executable_path/Frameworks",
				);
				PRODUCT_BUNDLE_IDENTIFIER = "Lai.Airport-Routes";
				PRODUCT_NAME = "$(TARGET_NAME)";
				SWIFT_VERSION = 5.0;
				TARGETED_DEVICE_FAMILY = "1,2";
			};
			name = Debug;
		};
		778ECA1222AC1124001DD658 /* Release */ = {
			isa = XCBuildConfiguration;
			buildSettings = {
				ASSETCATALOG_COMPILER_APPICON_NAME = AppIcon;
				CODE_SIGN_STYLE = Automatic;
				DEVELOPMENT_TEAM = DPRFY9YDG3;
				INFOPLIST_FILE = "Airport Routes/Info.plist";
				LD_RUNPATH_SEARCH_PATHS = (
					"$(inherited)",
					"@executable_path/Frameworks",
				);
				PRODUCT_BUNDLE_IDENTIFIER = "Lai.Airport-Routes";
				PRODUCT_NAME = "$(TARGET_NAME)";
				SWIFT_VERSION = 5.0;
				TARGETED_DEVICE_FAMILY = "1,2";
			};
			name = Release;
		};
		778ECA1422AC1124001DD658 /* Debug */ = {
			isa = XCBuildConfiguration;
			buildSettings = {
				ALWAYS_EMBED_SWIFT_STANDARD_LIBRARIES = YES;
				BUNDLE_LOADER = "$(TEST_HOST)";
				CODE_SIGN_STYLE = Automatic;
				DEVELOPMENT_TEAM = DPRFY9YDG3;
				INFOPLIST_FILE = "Airport RoutesTests/Info.plist";
				LD_RUNPATH_SEARCH_PATHS = (
					"$(inherited)",
					"@executable_path/Frameworks",
					"@loader_path/Frameworks",
				);
				PRODUCT_BUNDLE_IDENTIFIER = "Lai.Airport-RoutesTests";
				PRODUCT_NAME = "$(TARGET_NAME)";
				SWIFT_VERSION = 5.0;
				TARGETED_DEVICE_FAMILY = "1,2";
				TEST_HOST = "$(BUILT_PRODUCTS_DIR)/Airport Routes.app/Airport Routes";
			};
			name = Debug;
		};
		778ECA1522AC1124001DD658 /* Release */ = {
			isa = XCBuildConfiguration;
			buildSettings = {
				ALWAYS_EMBED_SWIFT_STANDARD_LIBRARIES = YES;
				BUNDLE_LOADER = "$(TEST_HOST)";
				CODE_SIGN_STYLE = Automatic;
				DEVELOPMENT_TEAM = DPRFY9YDG3;
				INFOPLIST_FILE = "Airport RoutesTests/Info.plist";
				LD_RUNPATH_SEARCH_PATHS = (
					"$(inherited)",
					"@executable_path/Frameworks",
					"@loader_path/Frameworks",
				);
				PRODUCT_BUNDLE_IDENTIFIER = "Lai.Airport-RoutesTests";
				PRODUCT_NAME = "$(TARGET_NAME)";
				SWIFT_VERSION = 5.0;
				TARGETED_DEVICE_FAMILY = "1,2";
				TEST_HOST = "$(BUILT_PRODUCTS_DIR)/Airport Routes.app/Airport Routes";
			};
			name = Release;
		};
		778ECA1722AC1124001DD658 /* Debug */ = {
			isa = XCBuildConfiguration;
			buildSettings = {
				ALWAYS_EMBED_SWIFT_STANDARD_LIBRARIES = YES;
				CODE_SIGN_STYLE = Automatic;
				DEVELOPMENT_TEAM = DPRFY9YDG3;
				INFOPLIST_FILE = "Airport RoutesUITests/Info.plist";
				LD_RUNPATH_SEARCH_PATHS = (
					"$(inherited)",
					"@executable_path/Frameworks",
					"@loader_path/Frameworks",
				);
				PRODUCT_BUNDLE_IDENTIFIER = "Lai.Airport-RoutesUITests";
				PRODUCT_NAME = "$(TARGET_NAME)";
				SWIFT_VERSION = 5.0;
				TARGETED_DEVICE_FAMILY = "1,2";
				TEST_TARGET_NAME = "Airport Routes";
			};
			name = Debug;
		};
		778ECA1822AC1124001DD658 /* Release */ = {
			isa = XCBuildConfiguration;
			buildSettings = {
				ALWAYS_EMBED_SWIFT_STANDARD_LIBRARIES = YES;
				CODE_SIGN_STYLE = Automatic;
				DEVELOPMENT_TEAM = DPRFY9YDG3;
				INFOPLIST_FILE = "Airport RoutesUITests/Info.plist";
				LD_RUNPATH_SEARCH_PATHS = (
					"$(inherited)",
					"@executable_path/Frameworks",
					"@loader_path/Frameworks",
				);
				PRODUCT_BUNDLE_IDENTIFIER = "Lai.Airport-RoutesUITests";
				PRODUCT_NAME = "$(TARGET_NAME)";
				SWIFT_VERSION = 5.0;
				TARGETED_DEVICE_FAMILY = "1,2";
				TEST_TARGET_NAME = "Airport Routes";
			};
			name = Release;
		};
/* End XCBuildConfiguration section */

/* Begin XCConfigurationList section */
		778EC9E322AC1120001DD658 /* Build configuration list for PBXProject "Airport Routes" */ = {
			isa = XCConfigurationList;
			buildConfigurations = (
				778ECA0E22AC1124001DD658 /* Debug */,
				778ECA0F22AC1124001DD658 /* Release */,
			);
			defaultConfigurationIsVisible = 0;
			defaultConfigurationName = Release;
		};
		778ECA1022AC1124001DD658 /* Build configuration list for PBXNativeTarget "Airport Routes" */ = {
			isa = XCConfigurationList;
			buildConfigurations = (
				778ECA1122AC1124001DD658 /* Debug */,
				778ECA1222AC1124001DD658 /* Release */,
			);
			defaultConfigurationIsVisible = 0;
			defaultConfigurationName = Release;
		};
		778ECA1322AC1124001DD658 /* Build configuration list for PBXNativeTarget "Airport RoutesTests" */ = {
			isa = XCConfigurationList;
			buildConfigurations = (
				778ECA1422AC1124001DD658 /* Debug */,
				778ECA1522AC1124001DD658 /* Release */,
			);
			defaultConfigurationIsVisible = 0;
			defaultConfigurationName = Release;
		};
		778ECA1622AC1124001DD658 /* Build configuration list for PBXNativeTarget "Airport RoutesUITests" */ = {
			isa = XCConfigurationList;
			buildConfigurations = (
				778ECA1722AC1124001DD658 /* Debug */,
				778ECA1822AC1124001DD658 /* Release */,
			);
			defaultConfigurationIsVisible = 0;
			defaultConfigurationName = Release;
		};
/* End XCConfigurationList section */
	};
	rootObject = 778EC9E022AC1120001DD658 /* Project object */;
}
